
Microsoft Visual Studio Solution File, Format Version 12.00
# Visual Studio Version 17
VisualStudioVersion = 17.13.35931.197 d17.13
MinimumVisualStudioVersion = 10.0.40219.1
Project("{FAE04EC0-301F-11D3-BF4B-00C04F79EFBC}") = "MyPlugin", "MyPlugin\MyPlugin.csproj", "{EB0DF34A-682F-435C-87B4-9A5A14DB29F5}"
EndProject
Global
	GlobalSection(SolutionConfigurationPlatforms) = preSolution
		Debug|x64 = Debug|x64
		Release|x64 = Release|x64
	EndGlobalSection
	GlobalSection(ProjectConfigurationPlatforms) = postSolution
		{EB0DF34A-682F-435C-87B4-9A5A14DB29F5}.Debug|x64.ActiveCfg = Debug|x64
		{EB0DF34A-682F-435C-87B4-9A5A14DB29F5}.Debug|x64.Build.0 = Debug|x64
		{EB0DF34A-682F-435C-87B4-9A5A14DB29F5}.Release|x64.ActiveCfg = Release|x64
		{EB0DF34A-682F-435C-87B4-9A5A14DB29F5}.Release|x64.Build.0 = Release|x64
	EndGlobalSection
	GlobalSection(SolutionProperties) = preSolution
		HideSolutionNode = FALSE
	EndGlobalSection
	GlobalSection(ExtensibilityGlobals) = postSolution
		SolutionGuid = {62D7696B-A347-4796-BFE1-7ECB02440677}
	EndGlobalSection
EndGlobal
